
Microsoft Visual Studio Solution File, Format Version 12.00
# Visual Studio Version 17
VisualStudioVersion = 17.14.37301.10 d17.14
MinimumVisualStudioVersion = 10.0.40219.1
Project("{FAE04EC0-301F-11D3-BF4B-00C04F79EFBC}") = "TANREN-Metsuke", "TANREN-Metsuke\TANREN-Metsuke.csproj", "{9D82FF07-4565-BEAC-E692-8AC27A024F28}"
EndProject
Project("{FAE04EC0-301F-11D3-BF4B-00C04F79EFBC}") = "TANREN-Metsuke.Desktop", "TANREN-Metsuke.Desktop\TANREN-Metsuke.Desktop.csproj", "{05ACEFD5-B359-CF9A-D06A-ECE3E1EFE01F}"
EndProject
Global
	GlobalSection(SolutionConfigurationPlatforms) = preSolution
		Debug|Any CPU = Debug|Any CPU
		Release|Any CPU = Release|Any CPU
	EndGlobalSection
	GlobalSection(ProjectConfigurationPlatforms) = postSolution
		{9D82FF07-4565-BEAC-E692-8AC27A024F28}.Debug|Any CPU.ActiveCfg = Debug|Any CPU
		{9D82FF07-4565-BEAC-E692-8AC27A024F28}.Debug|Any CPU.Build.0 = Debug|Any CPU
		{9D82FF07-4565-BEAC-E692-8AC27A024F28}.Release|Any CPU.ActiveCfg = Release|Any CPU
		{9D82FF07-4565-BEAC-E692-8AC27A024F28}.Release|Any CPU.Build.0 = Release|Any CPU
		{05ACEFD5-B359-CF9A-D06A-ECE3E1EFE01F}.Debug|Any CPU.ActiveCfg = Debug|Any CPU
		{05ACEFD5-B359-CF9A-D06A-ECE3E1EFE01F}.Debug|Any CPU.Build.0 = Debug|Any CPU
		{05ACEFD5-B359-CF9A-D06A-ECE3E1EFE01F}.Release|Any CPU.ActiveCfg = Release|Any CPU
		{05ACEFD5-B359-CF9A-D06A-ECE3E1EFE01F}.Release|Any CPU.Build.0 = Release|Any CPU
	EndGlobalSection
	GlobalSection(SolutionProperties) = preSolution
		HideSolutionNode = FALSE
	EndGlobalSection
	GlobalSection(ExtensibilityGlobals) = postSolution
		SolutionGuid = {8D38C8AD-70B9-4C25-8DED-E679649452EF}
	EndGlobalSection
EndGlobal
